
Microsoft Visual Studio Solution File, Format Version 12.00
# Visual Studio Version 16
VisualStudioVersion = 16.0.29418.71
MinimumVisualStudioVersion = 10.0.40219.1
Project("{9A19103F-16F7-4668-BE54-9A1E7A4F7556}") = "ExcelDna.Abstractions", "src\ExcelDna.Abstractions\ExcelDna.Abstractions.csproj", "{6A6312E5-43BD-498D-B3E7-5BF6940172CD}"
EndProject
Project("{2150E333-8FDC-42A3-9474-1A3956D46DE8}") = "src", "src", "{91A1FDD5-5268-47E5-B1CC-CFB89FD4D476}"
EndProject
Project("{2150E333-8FDC-42A3-9474-1A3956D46DE8}") = "assets", "assets", "{A6B911C0-B552-4A55-835E-206180A02C83}"
	ProjectSection(SolutionItems) = preProject
		.editorconfig = .editorconfig
		.gitattributes = .gitattributes
		.gitignore = .gitignore
		CHANGES.md = CHANGES.md
		CODEOWNERS = CODEOWNERS
		Directory.Build.props = Directory.Build.props
		LICENSE = LICENSE
		README.md = README.md
	EndProjectSection
EndProject
Project("{9A19103F-16F7-4668-BE54-9A1E7A4F7556}") = "ExcelDna.Registration.Abstractions", "src\ExcelDna.Registration.Abstractions\ExcelDna.Registration.Abstractions.csproj", "{915D71F9-BE6D-4008-A49E-CE6240CF44C2}"
EndProject
Project("{9A19103F-16F7-4668-BE54-9A1E7A4F7556}") = "ExcelDna.IntelliSense.Abstractions", "src\ExcelDna.IntelliSense.Abstractions\ExcelDna.IntelliSense.Abstractions.csproj", "{7F2AFF86-E408-42BC-9E85-0829ADD69F2A}"
EndProject
Global
	GlobalSection(SolutionConfigurationPlatforms) = preSolution
		Debug|Any CPU = Debug|Any CPU
		Release|Any CPU = Release|Any CPU
	EndGlobalSection
	GlobalSection(ProjectConfigurationPlatforms) = postSolution
		{6A6312E5-43BD-498D-B3E7-5BF6940172CD}.Debug|Any CPU.ActiveCfg = Debug|Any CPU
		{6A6312E5-43BD-498D-B3E7-5BF6940172CD}.Debug|Any CPU.Build.0 = Debug|Any CPU
		{6A6312E5-43BD-498D-B3E7-5BF6940172CD}.Release|Any CPU.ActiveCfg = Release|Any CPU
		{6A6312E5-43BD-498D-B3E7-5BF6940172CD}.Release|Any CPU.Build.0 = Release|Any CPU
		{915D71F9-BE6D-4008-A49E-CE6240CF44C2}.Debug|Any CPU.ActiveCfg = Debug|Any CPU
		{915D71F9-BE6D-4008-A49E-CE6240CF44C2}.Debug|Any CPU.Build.0 = Debug|Any CPU
		{915D71F9-BE6D-4008-A49E-CE6240CF44C2}.Release|Any CPU.ActiveCfg = Release|Any CPU
		{915D71F9-BE6D-4008-A49E-CE6240CF44C2}.Release|Any CPU.Build.0 = Release|Any CPU
		{7F2AFF86-E408-42BC-9E85-0829ADD69F2A}.Debug|Any CPU.ActiveCfg = Debug|Any CPU
		{7F2AFF86-E408-42BC-9E85-0829ADD69F2A}.Debug|Any CPU.Build.0 = Debug|Any CPU
		{7F2AFF86-E408-42BC-9E85-0829ADD69F2A}.Release|Any CPU.ActiveCfg = Release|Any CPU
		{7F2AFF86-E408-42BC-9E85-0829ADD69F2A}.Release|Any CPU.Build.0 = Release|Any CPU
	EndGlobalSection
	GlobalSection(SolutionProperties) = preSolution
		HideSolutionNode = FALSE
	EndGlobalSection
	GlobalSection(NestedProjects) = preSolution
		{6A6312E5-43BD-498D-B3E7-5BF6940172CD} = {91A1FDD5-5268-47E5-B1CC-CFB89FD4D476}
		{915D71F9-BE6D-4008-A49E-CE6240CF44C2} = {91A1FDD5-5268-47E5-B1CC-CFB89FD4D476}
		{7F2AFF86-E408-42BC-9E85-0829ADD69F2A} = {91A1FDD5-5268-47E5-B1CC-CFB89FD4D476}
	EndGlobalSection
	GlobalSection(ExtensibilityGlobals) = postSolution
		SolutionGuid = {8109F17A-77EE-40D6-973D-8E07112B8DB3}
	EndGlobalSection
EndGlobal
